{
  "name": "@pulseforge/replay",
  "version": "1.0.0",
  "lockfileVersion": 3,
  "requires": true,
  "packages": {
    "": {
      "name": "@pulseforge/replay",
      "version": "1.0.0",
      "license": "ISC",
      "dependencies": {
        "@pulseforge/market-ontology": "file:../market-ontology",
        "@pulseforge/market-strategy": "file:../market-strategy",
        "@pulseforge/reasoning-runtime": "file:../reasoning-runtime"
      },
      "engines": {
        "node": ">=18"
      }
    },
    "../market-ontology": {
      "name": "@pulseforge/market-ontology",
      "version": "1.0.0",
      "license": "ISC",
      "dependencies": {
        "@pulseforge/knowledge": "file:../knowledge"
      },
      "engines": {
        "node": ">=18"
      }
    },
    "../market-strategy": {
      "name": "@pulseforge/market-strategy",
      "version": "1.0.0",
      "license": "ISC",
      "dependencies": {
        "@pulseforge/reasoning-runtime": "file:../reasoning-runtime"
      },
      "engines": {
        "node": ">=18"
      }
    },
    "../reasoning-runtime": {
      "name": "@pulseforge/reasoning-runtime",
      "version": "1.0.0",
      "license": "ISC",
      "engines": {
        "node": ">=18"
      }
    },
    "node_modules/@pulseforge/market-ontology": {
      "resolved": "../market-ontology",
      "link": true
    },
    "node_modules/@pulseforge/market-strategy": {
      "resolved": "../market-strategy",
      "link": true
    },
    "node_modules/@pulseforge/reasoning-runtime": {
      "resolved": "../reasoning-runtime",
      "link": true
    }
  }
}
