{
  "name": "@pulseforge/market-strategy",
  "version": "1.0.0",
  "lockfileVersion": 3,
  "requires": true,
  "packages": {
    "": {
      "name": "@pulseforge/market-strategy",
      "version": "1.0.0",
      "license": "ISC",
      "dependencies": {
        "@pulseforge/reasoning-runtime": "file:../reasoning-runtime"
      },
      "engines": {
        "node": ">=18"
      }
    },
    "../reasoning-runtime": {
      "name": "@pulseforge/reasoning-runtime",
      "version": "1.0.0",
      "license": "ISC",
      "engines": {
        "node": ">=18"
      }
    },
    "node_modules/@pulseforge/reasoning-runtime": {
      "resolved": "../reasoning-runtime",
      "link": true
    }
  }
}
