{
  "name": "@pulseforge/market-ontology",
  "version": "1.0.0",
  "lockfileVersion": 3,
  "requires": true,
  "packages": {
    "": {
      "name": "@pulseforge/market-ontology",
      "version": "1.0.0",
      "license": "ISC",
      "dependencies": {
        "@pulseforge/knowledge": "file:../knowledge"
      },
      "engines": {
        "node": ">=18"
      }
    },
    "../knowledge": {
      "name": "@pulseforge/knowledge",
      "version": "0.7.4",
      "license": "ISC",
      "engines": {
        "node": ">=18"
      }
    },
    "node_modules/@pulseforge/knowledge": {
      "resolved": "../knowledge",
      "link": true
    }
  }
}
