{
  "name": "@pulseforge/trade-intelligence",
  "version": "1.0.0",
  "lockfileVersion": 3,
  "requires": true,
  "packages": {
    "": {
      "name": "@pulseforge/trade-intelligence",
      "version": "1.0.0",
      "license": "ISC",
      "dependencies": {
        "@pulseforge/learning": "file:../learning",
        "@pulseforge/replay": "file:../replay",
        "@pulseforge/trade-capture": "file:../trade-capture"
      },
      "engines": {
        "node": ">=18"
      }
    },
    "../learning": {
      "name": "@pulseforge/learning",
      "version": "1.0.0",
      "license": "ISC",
      "engines": {
        "node": ">=18"
      }
    },
    "../replay": {
      "name": "@pulseforge/replay",
      "version": "1.0.0",
      "license": "ISC",
      "dependencies": {
        "@pulseforge/market-ontology": "file:../market-ontology",
        "@pulseforge/market-strategy": "file:../market-strategy",
        "@pulseforge/reasoning-runtime": "file:../reasoning-runtime"
      },
      "engines": {
        "node": ">=18"
      }
    },
    "../trade-capture": {
      "name": "@pulseforge/trade-capture",
      "version": "1.0.0",
      "license": "ISC",
      "dependencies": {
        "@pulseforge/replay": "file:../replay"
      },
      "engines": {
        "node": ">=18"
      }
    },
    "node_modules/@pulseforge/learning": {
      "resolved": "../learning",
      "link": true
    },
    "node_modules/@pulseforge/replay": {
      "resolved": "../replay",
      "link": true
    },
    "node_modules/@pulseforge/trade-capture": {
      "resolved": "../trade-capture",
      "link": true
    }
  }
}
